
Microsoft Visual Studio Solution File, Format Version 12.00
# Visual Studio Version 17
VisualStudioVersion = 17.1.32210.238
MinimumVisualStudioVersion = 10.0.40219.1
Project("{9A19103F-16F7-4668-BE54-9A1E7A4F7556}") = "Models", "Models\Models.csproj", "{FE5E408B-3D6D-4478-BBD8-12E12F9DEAFB}"
EndProject
Project("{9A19103F-16F7-4668-BE54-9A1E7A4F7556}") = "ViewModels", "ViewModels\ViewModels.csproj", "{CFAEA870-9705-4940-89B9-0959D5337CAC}"
EndProject
Project("{9A19103F-16F7-4668-BE54-9A1E7A4F7556}") = "Views", "Views\Views.csproj", "{22969A20-6DED-4C97-8AD7-17B8378F5356}"
EndProject
Global
	GlobalSection(SolutionConfigurationPlatforms) = preSolution
		Debug|Any CPU = Debug|Any CPU
		Release|Any CPU = Release|Any CPU
	EndGlobalSection
	GlobalSection(ProjectConfigurationPlatforms) = postSolution
		{FE5E408B-3D6D-4478-BBD8-12E12F9DEAFB}.Debug|Any CPU.ActiveCfg = Debug|Any CPU
		{FE5E408B-3D6D-4478-BBD8-12E12F9DEAFB}.Debug|Any CPU.Build.0 = Debug|Any CPU
		{FE5E408B-3D6D-4478-BBD8-12E12F9DEAFB}.Release|Any CPU.ActiveCfg = Release|Any CPU
		{FE5E408B-3D6D-4478-BBD8-12E12F9DEAFB}.Release|Any CPU.Build.0 = Release|Any CPU
		{CFAEA870-9705-4940-89B9-0959D5337CAC}.Debug|Any CPU.ActiveCfg = Debug|Any CPU
		{CFAEA870-9705-4940-89B9-0959D5337CAC}.Debug|Any CPU.Build.0 = Debug|Any CPU
		{CFAEA870-9705-4940-89B9-0959D5337CAC}.Release|Any CPU.ActiveCfg = Release|Any CPU
		{CFAEA870-9705-4940-89B9-0959D5337CAC}.Release|Any CPU.Build.0 = Release|Any CPU
		{22969A20-6DED-4C97-8AD7-17B8378F5356}.Debug|Any CPU.ActiveCfg = Debug|Any CPU
		{22969A20-6DED-4C97-8AD7-17B8378F5356}.Debug|Any CPU.Build.0 = Debug|Any CPU
		{22969A20-6DED-4C97-8AD7-17B8378F5356}.Release|Any CPU.ActiveCfg = Release|Any CPU
		{22969A20-6DED-4C97-8AD7-17B8378F5356}.Release|Any CPU.Build.0 = Release|Any CPU
	EndGlobalSection
	GlobalSection(SolutionProperties) = preSolution
		HideSolutionNode = FALSE
	EndGlobalSection
	GlobalSection(ExtensibilityGlobals) = postSolution
		SolutionGuid = {8E5C6CAE-67C7-4AC9-8CDB-F90A597B0896}
	EndGlobalSection
EndGlobal
